
Microsoft Visual Studio Solution File, Format Version 12.00
Project("{FAE04EC0-301F-11D3-BF4B-00C04F79EFBC}") = "Graphics.TestApp", "Graphics.TestApp\Graphics.TestApp.csproj", "{0B37DBC7-B185-4A53-937F-0CC81111EB27}"
EndProject
Project("{FAE04EC0-301F-11D3-BF4B-00C04F79EFBC}") = "AvaloniaApplication", "AvaloniaApplication\AvaloniaApplication.csproj", "{4BCBBA5A-2B84-4E33-9B4A-BC75F6F42E86}"
EndProject
Project("{FAE04EC0-301F-11D3-BF4B-00C04F79EFBC}") = "Graphics.Core", "Graphics.Core\Graphics.Core.csproj", "{4B2B643C-640F-47FD-A717-0F8660956EC6}"
EndProject
Global
	GlobalSection(SolutionConfigurationPlatforms) = preSolution
		Debug|Any CPU = Debug|Any CPU
		Release|Any CPU = Release|Any CPU
	EndGlobalSection
	GlobalSection(ProjectConfigurationPlatforms) = postSolution
		{0B37DBC7-B185-4A53-937F-0CC81111EB27}.Debug|Any CPU.ActiveCfg = Debug|Any CPU
		{0B37DBC7-B185-4A53-937F-0CC81111EB27}.Debug|Any CPU.Build.0 = Debug|Any CPU
		{0B37DBC7-B185-4A53-937F-0CC81111EB27}.Release|Any CPU.ActiveCfg = Release|Any CPU
		{0B37DBC7-B185-4A53-937F-0CC81111EB27}.Release|Any CPU.Build.0 = Release|Any CPU
		{4BCBBA5A-2B84-4E33-9B4A-BC75F6F42E86}.Debug|Any CPU.ActiveCfg = Debug|Any CPU
		{4BCBBA5A-2B84-4E33-9B4A-BC75F6F42E86}.Debug|Any CPU.Build.0 = Debug|Any CPU
		{4BCBBA5A-2B84-4E33-9B4A-BC75F6F42E86}.Release|Any CPU.ActiveCfg = Release|Any CPU
		{4BCBBA5A-2B84-4E33-9B4A-BC75F6F42E86}.Release|Any CPU.Build.0 = Release|Any CPU
		{4B2B643C-640F-47FD-A717-0F8660956EC6}.Debug|Any CPU.ActiveCfg = Debug|Any CPU
		{4B2B643C-640F-47FD-A717-0F8660956EC6}.Debug|Any CPU.Build.0 = Debug|Any CPU
		{4B2B643C-640F-47FD-A717-0F8660956EC6}.Release|Any CPU.ActiveCfg = Release|Any CPU
		{4B2B643C-640F-47FD-A717-0F8660956EC6}.Release|Any CPU.Build.0 = Release|Any CPU
	EndGlobalSection
EndGlobal
